{
  "originHash" : "0f11c615d4d0f4e0639304e2dfd1652a3bb91e0798b752b261d17dccc2e7d30a",
  "pins" : [
    {
      "identity" : "capacitor-swift-pm",
      "kind" : "remoteSourceControl",
      "location" : "https://github.com/ionic-team/capacitor-swift-pm.git",
      "state" : {
        "revision" : "6a2a3feb25fda8df2a284d0818bc9c83e57a7d56",
        "version" : "8.3.0"
      }
    },
    {
      "identity" : "ion-ios-camera",
      "kind" : "remoteSourceControl",
      "location" : "https://github.com/ionic-team/ion-ios-camera.git",
      "state" : {
        "revision" : "f6e58e8d78913c00433efa230f2ef20451566d51",
        "version" : "1.0.0"
      }
    },
    {
      "identity" : "ion-ios-geolocation",
      "kind" : "remoteSourceControl",
      "location" : "https://github.com/ionic-team/ion-ios-geolocation.git",
      "state" : {
        "revision" : "db363927d3a954e3ea24d2e72b6e9814769a84be",
        "version" : "2.1.1"
      }
    }
  ],
  "version" : 3
}
